
Microsoft Visual Studio Solution File, Format Version 12.00
# Visual Studio 15
VisualStudioVersion = 15.0.26730.8
MinimumVisualStudioVersion = 10.0.40219.1
Project("{F184B08F-C81C-45F6-A57F-5ABD9991F28F}") = "movement-demo", "movement-demo\movement-demo.vbproj", "{6BB7EB82-49C1-41E2-930F-478AB6F18673}"
EndProject
Global
	GlobalSection(SolutionConfigurationPlatforms) = preSolution
		Debug|Any CPU = Debug|Any CPU
		Release|Any CPU = Release|Any CPU
	EndGlobalSection
	GlobalSection(ProjectConfigurationPlatforms) = postSolution
		{6BB7EB82-49C1-41E2-930F-478AB6F18673}.Debug|Any CPU.ActiveCfg = Debug|Any CPU
		{6BB7EB82-49C1-41E2-930F-478AB6F18673}.Debug|Any CPU.Build.0 = Debug|Any CPU
		{6BB7EB82-49C1-41E2-930F-478AB6F18673}.Release|Any CPU.ActiveCfg = Release|Any CPU
		{6BB7EB82-49C1-41E2-930F-478AB6F18673}.Release|Any CPU.Build.0 = Release|Any CPU
	EndGlobalSection
	GlobalSection(SolutionProperties) = preSolution
		HideSolutionNode = FALSE
	EndGlobalSection
	GlobalSection(ExtensibilityGlobals) = postSolution
		SolutionGuid = {4D14942C-E261-40F7-AD63-11D5D4BC1760}
	EndGlobalSection
EndGlobal
